// !$*UTF8*$!
{
	archiveVersion = 1;
	classes = {
	};
	objectVersion = 46;
	objects = {

/* Begin PBXBuildFile section */
		1A0884361BFEA14400A7DF59 /* MLHeaderView.m in Sources */ = {isa = PBXBuildFile; fileRef = 1A0884351BFEA14400A7DF59 /* MLHeaderView.m */; };
		1A0884381BFEA16600A7DF59 /* MLHeaderView.xib in Resources */ = {isa = PBXBuildFile; fileRef = 1A0884371BFEA16600A7DF59 /* MLHeaderView.xib */; };
		1A08843D1BFEA1BC00A7DF59 /* MLFooterView.m in Sources */ = {isa = PBXBuildFile; fileRef = 1A08843C1BFEA1BC00A7DF59 /* MLFooterView.m */; };
		1A08843F1BFEA1DD00A7DF59 /* MLFooterView.xib in Resources */ = {isa = PBXBuildFile; fileRef = 1A08843E1BFEA1DD00A7DF59 /* MLFooterView.xib */; };
		1AFBE3741BFE84AD00512116 /* main.m in Sources */ = {isa = PBXBuildFile; fileRef = 1AFBE3731BFE84AD00512116 /* main.m */; };
		1AFBE3771BFE84AD00512116 /* AppDelegate.m in Sources */ = {isa = PBXBuildFile; fileRef = 1AFBE3761BFE84AD00512116 /* AppDelegate.m */; };
		1AFBE37A1BFE84AD00512116 /* ViewController.m in Sources */ = {isa = PBXBuildFile; fileRef = 1AFBE3791BFE84AD00512116 /* ViewController.m */; };
		1AFBE37D1BFE84AD00512116 /* Main.storyboard in Resources */ = {isa = PBXBuildFile; fileRef = 1AFBE37B1BFE84AD00512116 /* Main.storyboard */; };
		1AFBE37F1BFE84AD00512116 /* Assets.xcassets in Resources */ = {isa = PBXBuildFile; fileRef = 1AFBE37E1BFE84AD00512116 /* Assets.xcassets */; };
		1AFBE3821BFE84AD00512116 /* LaunchScreen.storyboard in Resources */ = {isa = PBXBuildFile; fileRef = 1AFBE3801BFE84AD00512116 /* LaunchScreen.storyboard */; };
		1AFBE38E1BFE874400512116 /* tgs.plist in Resources */ = {isa = PBXBuildFile; fileRef = 1AFBE38D1BFE874400512116 /* tgs.plist */; };
		1AFBE3911BFE87B800512116 /* Food.m in Sources */ = {isa = PBXBuildFile; fileRef = 1AFBE3901BFE87B800512116 /* Food.m */; };
		1AFBE3951BFE931700512116 /* MLFoodCell.m in Sources */ = {isa = PBXBuildFile; fileRef = 1AFBE3931BFE931700512116 /* MLFoodCell.m */; };
		1AFBE3961BFE931700512116 /* MLFoodCell.xib in Resources */ = {isa = PBXBuildFile; fileRef = 1AFBE3941BFE931700512116 /* MLFoodCell.xib */; };
/* End PBXBuildFile section */

/* Begin PBXFileReference section */
		1A0884341BFEA14400A7DF59 /* MLHeaderView.h */ = {isa = PBXFileReference; fileEncoding = 4; lastKnownFileType = sourcecode.c.h; path = MLHeaderView.h; sourceTree = "<group>"; };
		1A0884351BFEA14400A7DF59 /* MLHeaderView.m */ = {isa = PBXFileReference; fileEncoding = 4; lastKnownFileType = sourcecode.c.objc; path = MLHeaderView.m; sourceTree = "<group>"; };
		1A0884371BFEA16600A7DF59 /* MLHeaderView.xib */ = {isa = PBXFileReference; fileEncoding = 4; lastKnownFileType = file.xib; path = MLHeaderView.xib; sourceTree = "<group>"; };
		1A08843B1BFEA1BC00A7DF59 /* MLFooterView.h */ = {isa = PBXFileReference; fileEncoding = 4; lastKnownFileType = sourcecode.c.h; path = MLFooterView.h; sourceTree = "<group>"; };
		1A08843C1BFEA1BC00A7DF59 /* MLFooterView.m */ = {isa = PBXFileReference; fileEncoding = 4; lastKnownFileType = sourcecode.c.objc; path = MLFooterView.m; sourceTree = "<group>"; };
		1A08843E1BFEA1DD00A7DF59 /* MLFooterView.xib */ = {isa = PBXFileReference; fileEncoding = 4; lastKnownFileType = file.xib; path = MLFooterView.xib; sourceTree = "<group>"; };
		1AFBE36F1BFE84AD00512116 /* group-purchase.app */ = {isa = PBXFileReference; explicitFileType = wrapper.application; includeInIndex = 0; path = "group-purchase.app"; sourceTree = BUILT_PRODUCTS_DIR; };
		1AFBE3731BFE84AD00512116 /* main.m */ = {isa = PBXFileReference; lastKnownFileType = sourcecode.c.objc; path = main.m; sourceTree = "<group>"; };
		1AFBE3751BFE84AD00512116 /* AppDelegate.h */ = {isa = PBXFileReference; lastKnownFileType = sourcecode.c.h; path = AppDelegate.h; sourceTree = "<group>"; };
		1AFBE3761BFE84AD00512116 /* AppDelegate.m */ = {isa = PBXFileReference; lastKnownFileType = sourcecode.c.objc; path = AppDelegate.m; sourceTree = "<group>"; };
		1AFBE3781BFE84AD00512116 /* ViewController.h */ = {isa = PBXFileReference; lastKnownFileType = sourcecode.c.h; path = ViewController.h; sourceTree = "<group>"; };
		1AFBE3791BFE84AD00512116 /* ViewController.m */ = {isa = PBXFileReference; lastKnownFileType = sourcecode.c.objc; path = ViewController.m; sourceTree = "<group>"; };
		1AFBE37C1BFE84AD00512116 /* Base */ = {isa = PBXFileReference; lastKnownFileType = file.storyboard; name = Base; path = Base.lproj/Main.storyboard; sourceTree = "<group>"; };
		1AFBE37E1BFE84AD00512116 /* Assets.xcassets */ = {isa = PBXFileReference; lastKnownFileType = folder.assetcatalog; path = Assets.xcassets; sourceTree = "<group>"; };
		1AFBE3811BFE84AD00512116 /* Base */ = {isa = PBXFileReference; lastKnownFileType = file.storyboard; name = Base; path = Base.lproj/LaunchScreen.storyboard; sourceTree = "<group>"; };
		1AFBE3831BFE84AD00512116 /* Info.plist */ = {isa = PBXFileReference; lastKnownFileType = text.plist.xml; path = Info.plist; sourceTree = "<group>"; };
		1AFBE38D1BFE874400512116 /* tgs.plist */ = {isa = PBXFileReference; fileEncoding = 4; lastKnownFileType = text.plist.xml; path = tgs.plist; sourceTree = "<group>"; };
		1AFBE38F1BFE87B800512116 /* Food.h */ = {isa = PBXFileReference; fileEncoding = 4; lastKnownFileType = sourcecode.c.h; path = Food.h; sourceTree = "<group>"; };
		1AFBE3901BFE87B800512116 /* Food.m */ = {isa = PBXFileReference; fileEncoding = 4; lastKnownFileType = sourcecode.c.objc; path = Food.m; sourceTree = "<group>"; };
		1AFBE3921BFE931700512116 /* MLFoodCell.h */ = {isa = PBXFileReference; fileEncoding = 4; lastKnownFileType = sourcecode.c.h; path = MLFoodCell.h; sourceTree = "<group>"; };
		1AFBE3931BFE931700512116 /* MLFoodCell.m */ = {isa = PBXFileReference; fileEncoding = 4; lastKnownFileType = sourcecode.c.objc; path = MLFoodCell.m; sourceTree = "<group>"; };
		1AFBE3941BFE931700512116 /* MLFoodCell.xib */ = {isa = PBXFileReference; fileEncoding = 4; lastKnownFileType = file.xib; path = MLFoodCell.xib; sourceTree = "<group>"; };
/* End PBXFileReference section */

/* Begin PBXFrameworksBuildPhase section */
		1AFBE36C1BFE84AD00512116 /* Frameworks */ = {
			isa = PBXFrameworksBuildPhase;
			buildActionMask = 2147483647;
			files = (
			);
			runOnlyForDeploymentPostprocessing = 0;
		};
/* End PBXFrameworksBuildPhase section */

/* Begin PBXGroup section */
		1AFBE3661BFE84AD00512116 = {
			isa = PBXGroup;
			children = (
				1AFBE3711BFE84AD00512116 /* group-purchase */,
				1AFBE3701BFE84AD00512116 /* Products */,
			);
			sourceTree = "<group>";
		};
		1AFBE3701BFE84AD00512116 /* Products */ = {
			isa = PBXGroup;
			children = (
				1AFBE36F1BFE84AD00512116 /* group-purchase.app */,
			);
			name = Products;
			sourceTree = "<group>";
		};
		1AFBE3711BFE84AD00512116 /* group-purchase */ = {
			isa = PBXGroup;
			children = (
				1AFBE38B1BFE864E00512116 /* Controller */,
				1AFBE38A1BFE864100512116 /* View */,
				1AFBE3891BFE863500512116 /* Model */,
				1AFBE38C1BFE865900512116 /* Other */,
				1AFBE3721BFE84AD00512116 /* Supporting Files */,
			);
			path = "group-purchase";
			sourceTree = "<group>";
		};
		1AFBE3721BFE84AD00512116 /* Supporting Files */ = {
			isa = PBXGroup;
			children = (
				1AFBE3831BFE84AD00512116 /* Info.plist */,
				1AFBE3731BFE84AD00512116 /* main.m */,
			);
			name = "Supporting Files";
			sourceTree = "<group>";
		};
		1AFBE3891BFE863500512116 /* Model */ = {
			isa = PBXGroup;
			children = (
				1AFBE38F1BFE87B800512116 /* Food.h */,
				1AFBE3901BFE87B800512116 /* Food.m */,
			);
			name = Model;
			sourceTree = "<group>";
		};
		1AFBE38A1BFE864100512116 /* View */ = {
			isa = PBXGroup;
			children = (
				1AFBE37B1BFE84AD00512116 /* Main.storyboard */,
				1A0884341BFEA14400A7DF59 /* MLHeaderView.h */,
				1A0884351BFEA14400A7DF59 /* MLHeaderView.m */,
				1A0884371BFEA16600A7DF59 /* MLHeaderView.xib */,
				1AFBE3921BFE931700512116 /* MLFoodCell.h */,
				1AFBE3931BFE931700512116 /* MLFoodCell.m */,
				1AFBE3941BFE931700512116 /* MLFoodCell.xib */,
				1A08843B1BFEA1BC00A7DF59 /* MLFooterView.h */,
				1A08843C1BFEA1BC00A7DF59 /* MLFooterView.m */,
				1A08843E1BFEA1DD00A7DF59 /* MLFooterView.xib */,
			);
			name = View;
			sourceTree = "<group>";
		};
		1AFBE38B1BFE864E00512116 /* Controller */ = {
			isa = PBXGroup;
			children = (
				1AFBE3781BFE84AD00512116 /* ViewController.h */,
				1AFBE3791BFE84AD00512116 /* ViewController.m */,
			);
			name = Controller;
			sourceTree = "<group>";
		};
		1AFBE38C1BFE865900512116 /* Other */ = {
			isa = PBXGroup;
			children = (
				1AFBE37E1BFE84AD00512116 /* Assets.xcassets */,
				1AFBE3801BFE84AD00512116 /* LaunchScreen.storyboard */,
				1AFBE38D1BFE874400512116 /* tgs.plist */,
				1AFBE3751BFE84AD00512116 /* AppDelegate.h */,
				1AFBE3761BFE84AD00512116 /* AppDelegate.m */,
			);
			name = Other;
			sourceTree = "<group>";
		};
/* End PBXGroup section */

/* Begin PBXNativeTarget section */
		1AFBE36E1BFE84AD00512116 /* group-purchase */ = {
			isa = PBXNativeTarget;
			buildConfigurationList = 1AFBE3861BFE84AD00512116 /* Build configuration list for PBXNativeTarget "group-purchase" */;
			buildPhases = (
				1AFBE36B1BFE84AD00512116 /* Sources */,
				1AFBE36C1BFE84AD00512116 /* Frameworks */,
				1AFBE36D1BFE84AD00512116 /* Resources */,
			);
			buildRules = (
			);
			dependencies = (
			);
			name = "group-purchase";
			productName = "group-purchase";
			productReference = 1AFBE36F1BFE84AD00512116 /* group-purchase.app */;
			productType = "com.apple.product-type.application";
		};
/* End PBXNativeTarget section */

/* Begin PBXProject section */
		1AFBE3671BFE84AD00512116 /* Project object */ = {
			isa = PBXProject;
			attributes = {
				CLASSPREFIX = ML;
				LastUpgradeCheck = 0710;
				ORGANIZATIONNAME = SocererGroup;
				TargetAttributes = {
					1AFBE36E1BFE84AD00512116 = {
						CreatedOnToolsVersion = 7.1;
						DevelopmentTeam = C8J2NBUA64;
					};
				};
			};
			buildConfigurationList = 1AFBE36A1BFE84AD00512116 /* Build configuration list for PBXProject "group-purchase" */;
			compatibilityVersion = "Xcode 3.2";
			developmentRegion = English;
			hasScannedForEncodings = 0;
			knownRegions = (
				en,
				Base,
			);
			mainGroup = 1AFBE3661BFE84AD00512116;
			productRefGroup = 1AFBE3701BFE84AD00512116 /* Products */;
			projectDirPath = "";
			projectRoot = "";
			targets = (
				1AFBE36E1BFE84AD00512116 /* group-purchase */,
			);
		};
/* End PBXProject section */

/* Begin PBXResourcesBuildPhase section */
		1AFBE36D1BFE84AD00512116 /* Resources */ = {
			isa = PBXResourcesBuildPhase;
			buildActionMask = 2147483647;
			files = (
				1AFBE3821BFE84AD00512116 /* LaunchScreen.storyboard in Resources */,
				1AFBE38E1BFE874400512116 /* tgs.plist in Resources */,
				1AFBE3961BFE931700512116 /* MLFoodCell.xib in Resources */,
				1AFBE37F1BFE84AD00512116 /* Assets.xcassets in Resources */,
				1A0884381BFEA16600A7DF59 /* MLHeaderView.xib in Resources */,
				1AFBE37D1BFE84AD00512116 /* Main.storyboard in Resources */,
				1A08843F1BFEA1DD00A7DF59 /* MLFooterView.xib in Resources */,
			);
			runOnlyForDeploymentPostprocessing = 0;
		};
/* End PBXResourcesBuildPhase section */

/* Begin PBXSourcesBuildPhase section */
		1AFBE36B1BFE84AD00512116 /* Sources */ = {
			isa = PBXSourcesBuildPhase;
			buildActionMask = 2147483647;
			files = (
				1AFBE37A1BFE84AD00512116 /* ViewController.m in Sources */,
				1A08843D1BFEA1BC00A7DF59 /* MLFooterView.m in Sources */,
				1AFBE3911BFE87B800512116 /* Food.m in Sources */,
				1AFBE3771BFE84AD00512116 /* AppDelegate.m in Sources */,
				1AFBE3951BFE931700512116 /* MLFoodCell.m in Sources */,
				1A0884361BFEA14400A7DF59 /* MLHeaderView.m in Sources */,
				1AFBE3741BFE84AD00512116 /* main.m in Sources */,
			);
			runOnlyForDeploymentPostprocessing = 0;
		};
/* End PBXSourcesBuildPhase section */

/* Begin PBXVariantGroup section */
		1AFBE37B1BFE84AD00512116 /* Main.storyboard */ = {
			isa = PBXVariantGroup;
			children = (
				1AFBE37C1BFE84AD00512116 /* Base */,
			);
			name = Main.storyboard;
			sourceTree = "<group>";
		};
		1AFBE3801BFE84AD00512116 /* LaunchScreen.storyboard */ = {
			isa = PBXVariantGroup;
			children = (
				1AFBE3811BFE84AD00512116 /* Base */,
			);
			name = LaunchScreen.storyboard;
			sourceTree = "<group>";
		};
/* End PBXVariantGroup section */

/* Begin XCBuildConfiguration section */
		1AFBE3841BFE84AD00512116 /* Debug */ = {
			isa = XCBuildConfiguration;
			buildSettings = {
				ALWAYS_SEARCH_USER_PATHS = NO;
				CLANG_CXX_LANGUAGE_STANDARD = "gnu++0x";
				CLANG_CXX_LIBRARY = "libc++";
				CLANG_ENABLE_MODULES = YES;
				CLANG_ENABLE_OBJC_ARC = YES;
				CLANG_WARN_BOOL_CONVERSION = YES;
				CLANG_WARN_CONSTANT_CONVERSION = YES;
				CLANG_WARN_DIRECT_OBJC_ISA_USAGE = YES_ERROR;
				CLANG_WARN_EMPTY_BODY = YES;
				CLANG_WARN_ENUM_CONVERSION = YES;
				CLANG_WARN_INT_CONVERSION = YES;
				CLANG_WARN_OBJC_ROOT_CLASS = YES_ERROR;
				CLANG_WARN_UNREACHABLE_CODE = YES;
				CLANG_WARN__DUPLICATE_METHOD_MATCH = YES;
				"CODE_SIGN_IDENTITY[sdk=iphoneos*]" = "iPhone Developer";
				COPY_PHASE_STRIP = NO;
				DEBUG_INFORMATION_FORMAT = dwarf;
				ENABLE_STRICT_OBJC_MSGSEND = YES;
				ENABLE_TESTABILITY = YES;
				GCC_C_LANGUAGE_STANDARD = gnu99;
				GCC_DYNAMIC_NO_PIC = NO;
				GCC_NO_COMMON_BLOCKS = YES;
				GCC_OPTIMIZATION_LEVEL = 0;
				GCC_PREPROCESSOR_DEFINITIONS = (
					"DEBUG=1",
					"$(inherited)",
				);
				GCC_WARN_64_TO_32_BIT_CONVERSION = YES;
				GCC_WARN_ABOUT_RETURN_TYPE = YES_ERROR;
				GCC_WARN_UNDECLARED_SELECTOR = YES;
				GCC_WARN_UNINITIALIZED_AUTOS = YES_AGGRESSIVE;
				GCC_WARN_UNUSED_FUNCTION = YES;
				GCC_WARN_UNUSED_VARIABLE = YES;
				IPHONEOS_DEPLOYMENT_TARGET = 9.1;
				MTL_ENABLE_DEBUG_INFO = YES;
				ONLY_ACTIVE_ARCH = YES;
				SDKROOT = iphoneos;
			};
			name = Debug;
		};
		1AFBE3851BFE84AD00512116 /* Release */ = {
			isa = XCBuildConfiguration;
			buildSettings = {
				ALWAYS_SEARCH_USER_PATHS = NO;
				CLANG_CXX_LANGUAGE_STANDARD = "gnu++0x";
				CLANG_CXX_LIBRARY = "libc++";
				CLANG_ENABLE_MODULES = YES;
				CLANG_ENABLE_OBJC_ARC = YES;
				CLANG_WARN_BOOL_CONVERSION = YES;
				CLANG_WARN_CONSTANT_CONVERSION = YES;
				CLANG_WARN_DIRECT_OBJC_ISA_USAGE = YES_ERROR;
				CLANG_WARN_EMPTY_BODY = YES;
				CLANG_WARN_ENUM_CONVERSION = YES;
				CLANG_WARN_INT_CONVERSION = YES;
				CLANG_WARN_OBJC_ROOT_CLASS = YES_ERROR;
				CLANG_WARN_UNREACHABLE_CODE = YES;
				CLANG_WARN__DUPLICATE_METHOD_MATCH = YES;
				"CODE_SIGN_IDENTITY[sdk=iphoneos*]" = "iPhone Developer";
				COPY_PHASE_STRIP = NO;
				DEBUG_INFORMATION_FORMAT = "dwarf-with-dsym";
				ENABLE_NS_ASSERTIONS = NO;
				ENABLE_STRICT_OBJC_MSGSEND = YES;
				GCC_C_LANGUAGE_STANDARD = gnu99;
				GCC_NO_COMMON_BLOCKS = YES;
				GCC_WARN_64_TO_32_BIT_CONVERSION = YES;
				GCC_WARN_ABOUT_RETURN_TYPE = YES_ERROR;
				GCC_WARN_UNDECLARED_SELECTOR = YES;
				GCC_WARN_UNINITIALIZED_AUTOS = YES_AGGRESSIVE;
				GCC_WARN_UNUSED_FUNCTION = YES;
				GCC_WARN_UNUSED_VARIABLE = YES;
				IPHONEOS_DEPLOYMENT_TARGET = 9.1;
				MTL_ENABLE_DEBUG_INFO = NO;
				SDKROOT = iphoneos;
				VALIDATE_PRODUCT = YES;
			};
			name = Release;
		};
		1AFBE3871BFE84AD00512116 /* Debug */ = {
			isa = XCBuildConfiguration;
			buildSettings = {
				ASSETCATALOG_COMPILER_APPICON_NAME = AppIcon;
				INFOPLIST_FILE = "group-purchase/Info.plist";
				LD_RUNPATH_SEARCH_PATHS = "$(inherited) @executable_path/Frameworks";
				PRODUCT_BUNDLE_IDENTIFIER = "com.SocererGroup.group-purchase";
				PRODUCT_NAME = "$(TARGET_NAME)";
			};
			name = Debug;
		};
		1AFBE3881BFE84AD00512116 /* Release */ = {
			isa = XCBuildConfiguration;
			buildSettings = {
				ASSETCATALOG_COMPILER_APPICON_NAME = AppIcon;
				INFOPLIST_FILE = "group-purchase/Info.plist";
				LD_RUNPATH_SEARCH_PATHS = "$(inherited) @executable_path/Frameworks";
				PRODUCT_BUNDLE_IDENTIFIER = "com.SocererGroup.group-purchase";
				PRODUCT_NAME = "$(TARGET_NAME)";
			};
			name = Release;
		};
/* End XCBuildConfiguration section */

/* Begin XCConfigurationList section */
		1AFBE36A1BFE84AD00512116 /* Build configuration list for PBXProject "group-purchase" */ = {
			isa = XCConfigurationList;
			buildConfigurations = (
				1AFBE3841BFE84AD00512116 /* Debug */,
				1AFBE3851BFE84AD00512116 /* Release */,
			);
			defaultConfigurationIsVisible = 0;
			defaultConfigurationName = Release;
		};
		1AFBE3861BFE84AD00512116 /* Build configuration list for PBXNativeTarget "group-purchase" */ = {
			isa = XCConfigurationList;
			buildConfigurations = (
				1AFBE3871BFE84AD00512116 /* Debug */,
				1AFBE3881BFE84AD00512116 /* Release */,
			);
			defaultConfigurationIsVisible = 0;
			defaultConfigurationName = Release;
		};
/* End XCConfigurationList section */
	};
	rootObject = 1AFBE3671BFE84AD00512116 /* Project object */;
}
